// !$*UTF8*$!
{
	archiveVersion = 1;
	classes = {
	};
	objectVersion = 77;
	objects = {

/* Begin PBXContainerItemProxy section */
		3F7E6B632DC1F8E400B513EC /* PBXContainerItemProxy */ = {
			isa = PBXContainerItemProxy;
			containerPortal = 3F7E6B4A2DC1F8E200B513EC /* Project object */;
			proxyType = 1;
			remoteGlobalIDString = 3F7E6B512DC1F8E200B513EC;
			remoteInfo = "Cupid's Courier";
		};
		3F7E6B6D2DC1F8E400B513EC /* PBXContainerItemProxy */ = {
			isa = PBXContainerItemProxy;
			containerPortal = 3F7E6B4A2DC1F8E200B513EC /* Project object */;
			proxyType = 1;
			remoteGlobalIDString = 3F7E6B512DC1F8E200B513EC;
			remoteInfo = "Cupid's Courier";
		};
/* End PBXContainerItemProxy section */

/* Begin PBXFileReference section */
		3F7E6B522DC1F8E200B513EC /* Cupid's Courier.app */ = {isa = PBXFileReference; explicitFileType = wrapper.application; includeInIndex = 0; path = "Cupid's Courier.app"; sourceTree = BUILT_PRODUCTS_DIR; };
		3F7E6B622DC1F8E400B513EC /* Cupid's CourierTests.xctest */ = {isa = PBXFileReference; explicitFileType = wrapper.cfbundle; includeInIndex = 0; path = "Cupid's CourierTests.xctest"; sourceTree = BUILT_PRODUCTS_DIR; };
		3F7E6B6C2DC1F8E400B513EC /* Cupid's CourierUITests.xctest */ = {isa = PBXFileReference; explicitFileType = wrapper.cfbundle; includeInIndex = 0; path = "Cupid's CourierUITests.xctest"; sourceTree = BUILT_PRODUCTS_DIR; };
/* End PBXFileReference section */

/* Begin PBXFileSystemSynchronizedBuildFileExceptionSet section */
		3F7E6C0C2DC7487B00B513EC /* Exceptions for "Cupid's Courier" folder in "Cupid's CourierTests" target */ = {
			isa = PBXFileSystemSynchronizedBuildFileExceptionSet;
			membershipExceptions = (
				bgm.mp3,
			);
			target = 3F7E6B612DC1F8E400B513EC /* Cupid's CourierTests */;
		};
		3F7E6C0D2DC7487B00B513EC /* Exceptions for "Cupid's Courier" folder in "Cupid's CourierUITests" target */ = {
			isa = PBXFileSystemSynchronizedBuildFileExceptionSet;
			membershipExceptions = (
				bgm.mp3,
			);
			target = 3F7E6B6B2DC1F8E400B513EC /* Cupid's CourierUITests */;
		};
/* End PBXFileSystemSynchronizedBuildFileExceptionSet section */

/* Begin PBXFileSystemSynchronizedRootGroup section */
		3F7E6B542DC1F8E200B513EC /* Cupid's Courier */ = {
			isa = PBXFileSystemSynchronizedRootGroup;
			exceptions = (
				3F7E6C0C2DC7487B00B513EC /* Exceptions for "Cupid's Courier" folder in "Cupid's CourierTests" target */,
				3F7E6C0D2DC7487B00B513EC /* Exceptions for "Cupid's Courier" folder in "Cupid's CourierUITests" target */,
			);
			path = "Cupid's Courier";
			sourceTree = "<group>";
		};
		3F7E6B652DC1F8E400B513EC /* Cupid's CourierTests */ = {
			isa = PBXFileSystemSynchronizedRootGroup;
			path = "Cupid's CourierTests";
			sourceTree = "<group>";
		};
		3F7E6B6F2DC1F8E400B513EC /* Cupid's CourierUITests */ = {
			isa = PBXFileSystemSynchronizedRootGroup;
			path = "Cupid's CourierUITests";
			sourceTree = "<group>";
		};
/* End PBXFileSystemSynchronizedRootGroup section */

/* Begin PBXFrameworksBuildPhase section */
		3F7E6B4F2DC1F8E200B513EC /* Frameworks */ = {
			isa = PBXFrameworksBuildPhase;
			buildActionMask = 2147483647;
			files = (
			);
			runOnlyForDeploymentPostprocessing = 0;
		};
		3F7E6B5F2DC1F8E400B513EC /* Frameworks */ = {
			isa = PBXFrameworksBuildPhase;
			buildActionMask = 2147483647;
			files = (
			);
			runOnlyForDeploymentPostprocessing = 0;
		};
		3F7E6B692DC1F8E400B513EC /* Frameworks */ = {
			isa = PBXFrameworksBuildPhase;
			buildActionMask = 2147483647;
			files = (
			);
			runOnlyForDeploymentPostprocessing = 0;
		};
/* End PBXFrameworksBuildPhase section */

/* Begin PBXGroup section */
		3F7E6B492DC1F8E200B513EC = {
			isa = PBXGroup;
			children = (
				3F7E6B542DC1F8E200B513EC /* Cupid's Courier */,
				3F7E6B652DC1F8E400B513EC /* Cupid's CourierTests */,
				3F7E6B6F2DC1F8E400B513EC /* Cupid's CourierUITests */,
				3F7E6B532DC1F8E200B513EC /* Products */,
			);
			sourceTree = "<group>";
		};
		3F7E6B532DC1F8E200B513EC /* Products */ = {
			isa = PBXGroup;
			children = (
				3F7E6B522DC1F8E200B513EC /* Cupid's Courier.app */,
				3F7E6B622DC1F8E400B513EC /* Cupid's CourierTests.xctest */,
				3F7E6B6C2DC1F8E400B513EC /* Cupid's CourierUITests.xctest */,
			);
			name = Products;
			sourceTree = "<group>";
		};
/* End PBXGroup section */

/* Begin PBXNativeTarget section */
		3F7E6B512DC1F8E200B513EC /* Cupid's Courier */ = {
			isa = PBXNativeTarget;
			buildConfigurationList = 3F7E6B762DC1F8E400B513EC /* Build configuration list for PBXNativeTarget "Cupid's Courier" */;
			buildPhases = (
				3F7E6B4E2DC1F8E200B513EC /* Sources */,
				3F7E6B4F2DC1F8E200B513EC /* Frameworks */,
				3F7E6B502DC1F8E200B513EC /* Resources */,
			);
			buildRules = (
			);
			dependencies = (
			);
			fileSystemSynchronizedGroups = (
				3F7E6B542DC1F8E200B513EC /* Cupid's Courier */,
			);
			name = "Cupid's Courier";
			packageProductDependencies = (
			);
			productName = "Cupid's Courier";
			productReference = 3F7E6B522DC1F8E200B513EC /* Cupid's Courier.app */;
			productType = "com.apple.product-type.application";
		};
		3F7E6B612DC1F8E400B513EC /* Cupid's CourierTests */ = {
			isa = PBXNativeTarget;
			buildConfigurationList = 3F7E6B792DC1F8E400B513EC /* Build configuration list for PBXNativeTarget "Cupid's CourierTests" */;
			buildPhases = (
				3F7E6B5E2DC1F8E400B513EC /* Sources */,
				3F7E6B5F2DC1F8E400B513EC /* Frameworks */,
				3F7E6B602DC1F8E400B513EC /* Resources */,
			);
			buildRules = (
			);
			dependencies = (
				3F7E6B642DC1F8E400B513EC /* PBXTargetDependency */,
			);
			fileSystemSynchronizedGroups = (
				3F7E6B652DC1F8E400B513EC /* Cupid's CourierTests */,
			);
			name = "Cupid's CourierTests";
			packageProductDependencies = (
			);
			productName = "Cupid's CourierTests";
			productReference = 3F7E6B622DC1F8E400B513EC /* Cupid's CourierTests.xctest */;
			productType = "com.apple.product-type.bundle.unit-test";
		};
		3F7E6B6B2DC1F8E400B513EC /* Cupid's CourierUITests */ = {
			isa = PBXNativeTarget;
			buildConfigurationList = 3F7E6B7C2DC1F8E400B513EC /* Build configuration list for PBXNativeTarget "Cupid's CourierUITests" */;
			buildPhases = (
				3F7E6B682DC1F8E400B513EC /* Sources */,
				3F7E6B692DC1F8E400B513EC /* Frameworks */,
				3F7E6B6A2DC1F8E400B513EC /* Resources */,
			);
			buildRules = (
			);
			dependencies = (
				3F7E6B6E2DC1F8E400B513EC /* PBXTargetDependency */,
			);
			fileSystemSynchronizedGroups = (
				3F7E6B6F2DC1F8E400B513EC /* Cupid's CourierUITests */,
			);
			name = "Cupid's CourierUITests";
			packageProductDependencies = (
			);
			productName = "Cupid's CourierUITests";
			productReference = 3F7E6B6C2DC1F8E400B513EC /* Cupid's CourierUITests.xctest */;
			productType = "com.apple.product-type.bundle.ui-testing";
		};
/* End PBXNativeTarget section */

/* Begin PBXProject section */
		3F7E6B4A2DC1F8E200B513EC /* Project object */ = {
			isa = PBXProject;
			attributes = {
				BuildIndependentTargetsInParallel = 1;
				LastSwiftUpdateCheck = 1620;
				LastUpgradeCheck = 1620;
				TargetAttributes = {
					3F7E6B512DC1F8E200B513EC = {
						CreatedOnToolsVersion = 16.2;
					};
					3F7E6B612DC1F8E400B513EC = {
						CreatedOnToolsVersion = 16.2;
						TestTargetID = 3F7E6B512DC1F8E200B513EC;
					};
					3F7E6B6B2DC1F8E400B513EC = {
						CreatedOnToolsVersion = 16.2;
						TestTargetID = 3F7E6B512DC1F8E200B513EC;
					};
				};
			};
			buildConfigurationList = 3F7E6B4D2DC1F8E200B513EC /* Build configuration list for PBXProject "Cupid's Courier" */;
			developmentRegion = en;
			hasScannedForEncodings = 0;
			knownRegions = (
				en,
				Base,
			);
			mainGroup = 3F7E6B492DC1F8E200B513EC;
			minimizedProjectReferenceProxies = 1;
			preferredProjectObjectVersion = 77;
			productRefGroup = 3F7E6B532DC1F8E200B513EC /* Products */;
			projectDirPath = "";
			projectRoot = "";
			targets = (
				3F7E6B512DC1F8E200B513EC /* Cupid's Courier */,
				3F7E6B612DC1F8E400B513EC /* Cupid's CourierTests */,
				3F7E6B6B2DC1F8E400B513EC /* Cupid's CourierUITests */,
			);
		};
/* End PBXProject section */

/* Begin PBXResourcesBuildPhase section */
		3F7E6B502DC1F8E200B513EC /* Resources */ = {
			isa = PBXResourcesBuildPhase;
			buildActionMask = 2147483647;
			files = (
			);
			runOnlyForDeploymentPostprocessing = 0;
		};
		3F7E6B602DC1F8E400B513EC /* Resources */ = {
			isa = PBXResourcesBuildPhase;
			buildActionMask = 2147483647;
			files = (
			);
			runOnlyForDeploymentPostprocessing = 0;
		};
		3F7E6B6A2DC1F8E400B513EC /* Resources */ = {
			isa = PBXResourcesBuildPhase;
			buildActionMask = 2147483647;
			files = (
			);
			runOnlyForDeploymentPostprocessing = 0;
		};
/* End PBXResourcesBuildPhase section */

/* Begin PBXSourcesBuildPhase section */
		3F7E6B4E2DC1F8E200B513EC /* Sources */ = {
			isa = PBXSourcesBuildPhase;
			buildActionMask = 2147483647;
			files = (
			);
			runOnlyForDeploymentPostprocessing = 0;
		};
		3F7E6B5E2DC1F8E400B513EC /* Sources */ = {
			isa = PBXSourcesBuildPhase;
			buildActionMask = 2147483647;
			files = (
			);
			runOnlyForDeploymentPostprocessing = 0;
		};
		3F7E6B682DC1F8E400B513EC /* Sources */ = {
			isa = PBXSourcesBuildPhase;
			buildActionMask = 2147483647;
			files = (
			);
			runOnlyForDeploymentPostprocessing = 0;
		};
/* End PBXSourcesBuildPhase section */

/* Begin PBXTargetDependency section */
		3F7E6B642DC1F8E400B513EC /* PBXTargetDependency */ = {
			isa = PBXTargetDependency;
			target = 3F7E6B512DC1F8E200B513EC /* Cupid's Courier */;
			targetProxy = 3F7E6B632DC1F8E400B513EC /* PBXContainerItemProxy */;
		};
		3F7E6B6E2DC1F8E400B513EC /* PBXTargetDependency */ = {
			isa = PBXTargetDependency;
			target = 3F7E6B512DC1F8E200B513EC /* Cupid's Courier */;
			targetProxy = 3F7E6B6D2DC1F8E400B513EC /* PBXContainerItemProxy */;
		};
/* End PBXTargetDependency section */

/* Begin XCBuildConfiguration section */
		3F7E6B742DC1F8E400B513EC /* Debug */ = {
			isa = XCBuildConfiguration;
			buildSettings = {
				ALWAYS_SEARCH_USER_PATHS = NO;
				ASSETCATALOG_COMPILER_GENERATE_SWIFT_ASSET_SYMBOL_EXTENSIONS = YES;
				CLANG_ANALYZER_NONNULL = YES;
				CLANG_ANALYZER_NUMBER_OBJECT_CONVERSION = YES_AGGRESSIVE;
				CLANG_CXX_LANGUAGE_STANDARD = "gnu++20";
				CLANG_ENABLE_MODULES = YES;
				CLANG_ENABLE_OBJC_ARC = YES;
				CLANG_ENABLE_OBJC_WEAK = YES;
				CLANG_WARN_BLOCK_CAPTURE_AUTORELEASING = YES;
				CLANG_WARN_BOOL_CONVERSION = YES;
				CLANG_WARN_COMMA = YES;
				CLANG_WARN_CONSTANT_CONVERSION = YES;
				CLANG_WARN_DEPRECATED_OBJC_IMPLEMENTATIONS = YES;
				CLANG_WARN_DIRECT_OBJC_ISA_USAGE = YES_ERROR;
				CLANG_WARN_DOCUMENTATION_COMMENTS = YES;
				CLANG_WARN_EMPTY_BODY = YES;
				CLANG_WARN_ENUM_CONVERSION = YES;
				CLANG_WARN_INFINITE_RECURSION = YES;
				CLANG_WARN_INT_CONVERSION = YES;
				CLANG_WARN_NON_LITERAL_NULL_CONVERSION = YES;
				CLANG_WARN_OBJC_IMPLICIT_RETAIN_SELF = YES;
				CLANG_WARN_OBJC_LITERAL_CONVERSION = YES;
				CLANG_WARN_OBJC_ROOT_CLASS = YES_ERROR;
				CLANG_WARN_QUOTED_INCLUDE_IN_FRAMEWORK_HEADER = YES;
				CLANG_WARN_RANGE_LOOP_ANALYSIS = YES;
				CLANG_WARN_STRICT_PROTOTYPES = YES;
				CLANG_WARN_SUSPICIOUS_MOVE = YES;
				CLANG_WARN_UNGUARDED_AVAILABILITY = YES_AGGRESSIVE;
				CLANG_WARN_UNREACHABLE_CODE = YES;
				CLANG_WARN__DUPLICATE_METHOD_MATCH = YES;
				COPY_PHASE_STRIP = NO;
				DEBUG_INFORMATION_FORMAT = dwarf;
				ENABLE_STRICT_OBJC_MSGSEND = YES;
				ENABLE_TESTABILITY = YES;
				ENABLE_USER_SCRIPT_SANDBOXING = YES;
				GCC_C_LANGUAGE_STANDARD = gnu17;
				GCC_DYNAMIC_NO_PIC = NO;
				GCC_NO_COMMON_BLOCKS = YES;
				GCC_OPTIMIZATION_LEVEL = 0;
				GCC_PREPROCESSOR_DEFINITIONS = (
					"DEBUG=1",
					"$(inherited)",
				);
				GCC_WARN_64_TO_32_BIT_CONVERSION = YES;
				GCC_WARN_ABOUT_RETURN_TYPE = YES_ERROR;
				GCC_WARN_UNDECLARED_SELECTOR = YES;
				GCC_WARN_UNINITIALIZED_AUTOS = YES_AGGRESSIVE;
				GCC_WARN_UNUSED_FUNCTION = YES;
				GCC_WARN_UNUSED_VARIABLE = YES;
				IPHONEOS_DEPLOYMENT_TARGET = 18.2;
				LOCALIZATION_PREFERS_STRING_CATALOGS = YES;
				MTL_ENABLE_DEBUG_INFO = INCLUDE_SOURCE;
				MTL_FAST_MATH = YES;
				ONLY_ACTIVE_ARCH = YES;
				SDKROOT = iphoneos;
				SWIFT_ACTIVE_COMPILATION_CONDITIONS = "DEBUG $(inherited)";
				SWIFT_OPTIMIZATION_LEVEL = "-Onone";
			};
			name = Debug;
		};
		3F7E6B752DC1F8E400B513EC /* Release */ = {
			isa = XCBuildConfiguration;
			buildSettings = {
				ALWAYS_SEARCH_USER_PATHS = NO;
				ASSETCATALOG_COMPILER_GENERATE_SWIFT_ASSET_SYMBOL_EXTENSIONS = YES;
				CLANG_ANALYZER_NONNULL = YES;
				CLANG_ANALYZER_NUMBER_OBJECT_CONVERSION = YES_AGGRESSIVE;
				CLANG_CXX_LANGUAGE_STANDARD = "gnu++20";
				CLANG_ENABLE_MODULES = YES;
				CLANG_ENABLE_OBJC_ARC = YES;
				CLANG_ENABLE_OBJC_WEAK = YES;
				CLANG_WARN_BLOCK_CAPTURE_AUTORELEASING = YES;
				CLANG_WARN_BOOL_CONVERSION = YES;
				CLANG_WARN_COMMA = YES;
				CLANG_WARN_CONSTANT_CONVERSION = YES;
				CLANG_WARN_DEPRECATED_OBJC_IMPLEMENTATIONS = YES;
				CLANG_WARN_DIRECT_OBJC_ISA_USAGE = YES_ERROR;
				CLANG_WARN_DOCUMENTATION_COMMENTS = YES;
				CLANG_WARN_EMPTY_BODY = YES;
				CLANG_WARN_ENUM_CONVERSION = YES;
				CLANG_WARN_INFINITE_RECURSION = YES;
				CLANG_WARN_INT_CONVERSION = YES;
				CLANG_WARN_NON_LITERAL_NULL_CONVERSION = YES;
				CLANG_WARN_OBJC_IMPLICIT_RETAIN_SELF = YES;
				CLANG_WARN_OBJC_LITERAL_CONVERSION = YES;
				CLANG_WARN_OBJC_ROOT_CLASS = YES_ERROR;
				CLANG_WARN_QUOTED_INCLUDE_IN_FRAMEWORK_HEADER = YES;
				CLANG_WARN_RANGE_LOOP_ANALYSIS = YES;
				CLANG_WARN_STRICT_PROTOTYPES = YES;
				CLANG_WARN_SUSPICIOUS_MOVE = YES;
				CLANG_WARN_UNGUARDED_AVAILABILITY = YES_AGGRESSIVE;
				CLANG_WARN_UNREACHABLE_CODE = YES;
				CLANG_WARN__DUPLICATE_METHOD_MATCH = YES;
				COPY_PHASE_STRIP = NO;
				DEBUG_INFORMATION_FORMAT = "dwarf-with-dsym";
				ENABLE_NS_ASSERTIONS = NO;
				ENABLE_STRICT_OBJC_MSGSEND = YES;
				ENABLE_USER_SCRIPT_SANDBOXING = YES;
				GCC_C_LANGUAGE_STANDARD = gnu17;
				GCC_NO_COMMON_BLOCKS = YES;
				GCC_WARN_64_TO_32_BIT_CONVERSION = YES;
				GCC_WARN_ABOUT_RETURN_TYPE = YES_ERROR;
				GCC_WARN_UNDECLARED_SELECTOR = YES;
				GCC_WARN_UNINITIALIZED_AUTOS = YES_AGGRESSIVE;
				GCC_WARN_UNUSED_FUNCTION = YES;
				GCC_WARN_UNUSED_VARIABLE = YES;
				IPHONEOS_DEPLOYMENT_TARGET = 18.2;
				LOCALIZATION_PREFERS_STRING_CATALOGS = YES;
				MTL_ENABLE_DEBUG_INFO = NO;
				MTL_FAST_MATH = YES;
				SDKROOT = iphoneos;
				SWIFT_COMPILATION_MODE = wholemodule;
				VALIDATE_PRODUCT = YES;
			};
			name = Release;
		};
		3F7E6B772DC1F8E400B513EC /* Debug */ = {
			isa = XCBuildConfiguration;
			buildSettings = {
				ASSETCATALOG_COMPILER_APPICON_NAME = AppIcon;
				ASSETCATALOG_COMPILER_GLOBAL_ACCENT_COLOR_NAME = AccentColor;
				CODE_SIGN_STYLE = Automatic;
				CURRENT_PROJECT_VERSION = 1;
				DEVELOPMENT_ASSET_PATHS = "\"Cupid's Courier/Preview Content\"";
				DEVELOPMENT_TEAM = TWH6F8ZZL6;
				ENABLE_PREVIEWS = YES;
				GENERATE_INFOPLIST_FILE = YES;
				INFOPLIST_KEY_UIApplicationSceneManifest_Generation = YES;
				INFOPLIST_KEY_UIApplicationSupportsIndirectInputEvents = YES;
				INFOPLIST_KEY_UILaunchScreen_Generation = YES;
				INFOPLIST_KEY_UISupportedInterfaceOrientations_iPad = "UIInterfaceOrientationPortrait UIInterfaceOrientationPortraitUpsideDown UIInterfaceOrientationLandscapeLeft UIInterfaceOrientationLandscapeRight";
				INFOPLIST_KEY_UISupportedInterfaceOrientations_iPhone = "UIInterfaceOrientationPortrait UIInterfaceOrientationLandscapeLeft UIInterfaceOrientationLandscapeRight";
				LD_RUNPATH_SEARCH_PATHS = (
					"$(inherited)",
					"@executable_path/Frameworks",
				);
				MARKETING_VERSION = 1.0;
				PRODUCT_BUNDLE_IDENTIFIER = "ama.asu.edu.Cupid-s-Courier";
				PRODUCT_NAME = "$(TARGET_NAME)";
				SWIFT_EMIT_LOC_STRINGS = YES;
				SWIFT_VERSION = 5.0;
				TARGETED_DEVICE_FAMILY = "1,2";
			};
			name = Debug;
		};
		3F7E6B782DC1F8E400B513EC /* Release */ = {
			isa = XCBuildConfiguration;
			buildSettings = {
				ASSETCATALOG_COMPILER_APPICON_NAME = AppIcon;
				ASSETCATALOG_COMPILER_GLOBAL_ACCENT_COLOR_NAME = AccentColor;
				CODE_SIGN_STYLE = Automatic;
				CURRENT_PROJECT_VERSION = 1;
				DEVELOPMENT_ASSET_PATHS = "\"Cupid's Courier/Preview Content\"";
				DEVELOPMENT_TEAM = TWH6F8ZZL6;
				ENABLE_PREVIEWS = YES;
				GENERATE_INFOPLIST_FILE = YES;
				INFOPLIST_KEY_UIApplicationSceneManifest_Generation = YES;
				INFOPLIST_KEY_UIApplicationSupportsIndirectInputEvents = YES;
				INFOPLIST_KEY_UILaunchScreen_Generation = YES;
				INFOPLIST_KEY_UISupportedInterfaceOrientations_iPad = "UIInterfaceOrientationPortrait UIInterfaceOrientationPortraitUpsideDown UIInterfaceOrientationLandscapeLeft UIInterfaceOrientationLandscapeRight";
				INFOPLIST_KEY_UISupportedInterfaceOrientations_iPhone = "UIInterfaceOrientationPortrait UIInterfaceOrientationLandscapeLeft UIInterfaceOrientationLandscapeRight";
				LD_RUNPATH_SEARCH_PATHS = (
					"$(inherited)",
					"@executable_path/Frameworks",
				);
				MARKETING_VERSION = 1.0;
				PRODUCT_BUNDLE_IDENTIFIER = "ama.asu.edu.Cupid-s-Courier";
				PRODUCT_NAME = "$(TARGET_NAME)";
				SWIFT_EMIT_LOC_STRINGS = YES;
				SWIFT_VERSION = 5.0;
				TARGETED_DEVICE_FAMILY = "1,2";
			};
			name = Release;
		};
		3F7E6B7A2DC1F8E400B513EC /* Debug */ = {
			isa = XCBuildConfiguration;
			buildSettings = {
				BUNDLE_LOADER = "$(TEST_HOST)";
				CODE_SIGN_STYLE = Automatic;
				CURRENT_PROJECT_VERSION = 1;
				DEVELOPMENT_TEAM = TWH6F8ZZL6;
				GENERATE_INFOPLIST_FILE = YES;
				IPHONEOS_DEPLOYMENT_TARGET = 18.2;
				MARKETING_VERSION = 1.0;
				PRODUCT_BUNDLE_IDENTIFIER = "ama.asu.edu.Cupid-s-CourierTests";
				PRODUCT_NAME = "$(TARGET_NAME)";
				SWIFT_EMIT_LOC_STRINGS = NO;
				SWIFT_VERSION = 5.0;
				TARGETED_DEVICE_FAMILY = "1,2";
				TEST_HOST = "$(BUILT_PRODUCTS_DIR)/Cupid's Courier.app/$(BUNDLE_EXECUTABLE_FOLDER_PATH)/Cupid's Courier";
			};
			name = Debug;
		};
		3F7E6B7B2DC1F8E400B513EC /* Release */ = {
			isa = XCBuildConfiguration;
			buildSettings = {
				BUNDLE_LOADER = "$(TEST_HOST)";
				CODE_SIGN_STYLE = Automatic;
				CURRENT_PROJECT_VERSION = 1;
				DEVELOPMENT_TEAM = TWH6F8ZZL6;
				GENERATE_INFOPLIST_FILE = YES;
				IPHONEOS_DEPLOYMENT_TARGET = 18.2;
				MARKETING_VERSION = 1.0;
				PRODUCT_BUNDLE_IDENTIFIER = "ama.asu.edu.Cupid-s-CourierTests";
				PRODUCT_NAME = "$(TARGET_NAME)";
				SWIFT_EMIT_LOC_STRINGS = NO;
				SWIFT_VERSION = 5.0;
				TARGETED_DEVICE_FAMILY = "1,2";
				TEST_HOST = "$(BUILT_PRODUCTS_DIR)/Cupid's Courier.app/$(BUNDLE_EXECUTABLE_FOLDER_PATH)/Cupid's Courier";
			};
			name = Release;
		};
		3F7E6B7D2DC1F8E400B513EC /* Debug */ = {
			isa = XCBuildConfiguration;
			buildSettings = {
				CODE_SIGN_STYLE = Automatic;
				CURRENT_PROJECT_VERSION = 1;
				DEVELOPMENT_TEAM = TWH6F8ZZL6;
				GENERATE_INFOPLIST_FILE = YES;
				MARKETING_VERSION = 1.0;
				PRODUCT_BUNDLE_IDENTIFIER = "ama.asu.edu.Cupid-s-CourierUITests";
				PRODUCT_NAME = "$(TARGET_NAME)";
				SWIFT_EMIT_LOC_STRINGS = NO;
				SWIFT_VERSION = 5.0;
				TARGETED_DEVICE_FAMILY = "1,2";
				TEST_TARGET_NAME = "Cupid's Courier";
			};
			name = Debug;
		};
		3F7E6B7E2DC1F8E400B513EC /* Release */ = {
			isa = XCBuildConfiguration;
			buildSettings = {
				CODE_SIGN_STYLE = Automatic;
				CURRENT_PROJECT_VERSION = 1;
				DEVELOPMENT_TEAM = TWH6F8ZZL6;
				GENERATE_INFOPLIST_FILE = YES;
				MARKETING_VERSION = 1.0;
				PRODUCT_BUNDLE_IDENTIFIER = "ama.asu.edu.Cupid-s-CourierUITests";
				PRODUCT_NAME = "$(TARGET_NAME)";
				SWIFT_EMIT_LOC_STRINGS = NO;
				SWIFT_VERSION = 5.0;
				TARGETED_DEVICE_FAMILY = "1,2";
				TEST_TARGET_NAME = "Cupid's Courier";
			};
			name = Release;
		};
/* End XCBuildConfiguration section */

/* Begin XCConfigurationList section */
		3F7E6B4D2DC1F8E200B513EC /* Build configuration list for PBXProject "Cupid's Courier" */ = {
			isa = XCConfigurationList;
			buildConfigurations = (
				3F7E6B742DC1F8E400B513EC /* Debug */,
				3F7E6B752DC1F8E400B513EC /* Release */,
			);
			defaultConfigurationIsVisible = 0;
			defaultConfigurationName = Release;
		};
		3F7E6B762DC1F8E400B513EC /* Build configuration list for PBXNativeTarget "Cupid's Courier" */ = {
			isa = XCConfigurationList;
			buildConfigurations = (
				3F7E6B772DC1F8E400B513EC /* Debug */,
				3F7E6B782DC1F8E400B513EC /* Release */,
			);
			defaultConfigurationIsVisible = 0;
			defaultConfigurationName = Release;
		};
		3F7E6B792DC1F8E400B513EC /* Build configuration list for PBXNativeTarget "Cupid's CourierTests" */ = {
			isa = XCConfigurationList;
			buildConfigurations = (
				3F7E6B7A2DC1F8E400B513EC /* Debug */,
				3F7E6B7B2DC1F8E400B513EC /* Release */,
			);
			defaultConfigurationIsVisible = 0;
			defaultConfigurationName = Release;
		};
		3F7E6B7C2DC1F8E400B513EC /* Build configuration list for PBXNativeTarget "Cupid's CourierUITests" */ = {
			isa = XCConfigurationList;
			buildConfigurations = (
				3F7E6B7D2DC1F8E400B513EC /* Debug */,
				3F7E6B7E2DC1F8E400B513EC /* Release */,
			);
			defaultConfigurationIsVisible = 0;
			defaultConfigurationName = Release;
		};
/* End XCConfigurationList section */
	};
	rootObject = 3F7E6B4A2DC1F8E200B513EC /* Project object */;
}
